
Microsoft Visual Studio Solution File, Format Version 12.00
# Visual Studio Version 16
VisualStudioVersion = 16.0.30413.136
MinimumVisualStudioVersion = 10.0.40219.1
Project("{FAE04EC0-301F-11D3-BF4B-00C04F79EFBC}") = "SignalRCoreChat", "SignalRCoreChat\SignalRCoreChat.csproj", "{DDCB018F-ACEC-42AA-896D-0B85D70801B7}"
EndProject
Global
	GlobalSection(SolutionConfigurationPlatforms) = preSolution
		Debug|Any CPU = Debug|Any CPU
		Release|Any CPU = Release|Any CPU
	EndGlobalSection
	GlobalSection(ProjectConfigurationPlatforms) = postSolution
		{DDCB018F-ACEC-42AA-896D-0B85D70801B7}.Debug|Any CPU.ActiveCfg = Debug|Any CPU
		{DDCB018F-ACEC-42AA-896D-0B85D70801B7}.Debug|Any CPU.Build.0 = Debug|Any CPU
		{DDCB018F-ACEC-42AA-896D-0B85D70801B7}.Release|Any CPU.ActiveCfg = Release|Any CPU
		{DDCB018F-ACEC-42AA-896D-0B85D70801B7}.Release|Any CPU.Build.0 = Release|Any CPU
	EndGlobalSection
	GlobalSection(SolutionProperties) = preSolution
		HideSolutionNode = FALSE
	EndGlobalSection
	GlobalSection(ExtensibilityGlobals) = postSolution
		SolutionGuid = {F2A006DB-0228-46E2-BBEC-4C58377C90E2}
	EndGlobalSection
EndGlobal
